{
  "nodes": {
    "easy-purescript-nix": {
      "flake": false,
      "locked": {
        "lastModified": 1671011575,
        "narHash": "sha256-tESal32bcqqdZO+aKnBzc1GoL2mtnaDtj2y7ociCRGA=",
        "owner": "justinwoo",
        "repo": "easy-purescript-nix",
        "rev": "11d3bd58ce6e32703bf69cec04dc7c38eabe14ba",
        "type": "github"
      },
      "original": {
        "owner": "justinwoo",
        "repo": "easy-purescript-nix",
        "type": "github"
      }
    },
    "flake-utils": {
      "locked": {
        "lastModified": 1667395993,
        "narHash": "sha256-nuEHfE/LcWyuSWnS8t12N1wc105Qtau+/OdUAjtQ0rA=",
        "owner": "numtide",
        "repo": "flake-utils",
        "rev": "5aed5285a952e0b949eb3ba02c12fa4fcfef535f",
        "type": "github"
      },
      "original": {
        "owner": "numtide",
        "repo": "flake-utils",
        "type": "github"
      }
    },
    "flake-utils_2": {
      "locked": {
        "lastModified": 1667395993,
        "narHash": "sha256-nuEHfE/LcWyuSWnS8t12N1wc105Qtau+/OdUAjtQ0rA=",
        "owner": "numtide",
        "repo": "flake-utils",
        "rev": "5aed5285a952e0b949eb3ba02c12fa4fcfef535f",
        "type": "github"
      },
      "original": {
        "owner": "numtide",
        "repo": "flake-utils",
        "type": "github"
      }
    },
    "nixpkgs": {
      "locked": {
        "lastModified": 1672353432,
        "narHash": "sha256-oZfgp/44/o2tWiylV30cR+DLyWTJ+5dhsdWZVpzs3e4=",
        "owner": "nixos",
        "repo": "nixpkgs",
        "rev": "913a47cd064cc06440ea84e5e0452039a85781f0",
        "type": "github"
      },
      "original": {
        "owner": "nixos",
        "ref": "nixos-22.11",
        "repo": "nixpkgs",
        "type": "github"
      }
    },
    "root": {
      "inputs": {
        "easy-purescript-nix": "easy-purescript-nix",
        "flake-utils": "flake-utils",
        "nixpkgs": "nixpkgs",
        "sbt": "sbt",
        "spago2nix": "spago2nix"
      }
    },
    "sbt": {
      "inputs": {
        "flake-utils": "flake-utils_2",
        "nixpkgs": [
          "nixpkgs"
        ]
      },
      "locked": {
        "lastModified": 1670683679,
        "narHash": "sha256-6SNkggK5ki8iulmaAAYr8uOxbwxUpp6DD8bVM2Cv5Q0=",
        "owner": "zaninime",
        "repo": "sbt-derivation",
        "rev": "847f28faf9d72d4f312dc20728994453bb250604",
        "type": "github"
      },
      "original": {
        "owner": "zaninime",
        "repo": "sbt-derivation",
        "type": "github"
      }
    },
    "spago2nix": {
      "flake": false,
      "locked": {
        "lastModified": 1671225584,
        "narHash": "sha256-h9r67pmvDuA3TV9299L4CN60XSm8RRtX1EwUoKu9Pyw=",
        "owner": "justinwoo",
        "repo": "spago2nix",
        "rev": "1b8ec352bc7eac077b934d6b9f6efa0129926e59",
        "type": "github"
      },
      "original": {
        "owner": "justinwoo",
        "repo": "spago2nix",
        "type": "github"
      }
    }
  },
  "root": "root",
  "version": 7
}
